
Microsoft Visual Studio Solution File, Format Version 12.00
# Visual Studio Version 17
VisualStudioVersion = 17.2.32516.85
MinimumVisualStudioVersion = 10.0.40219.1
Project("{9A19103F-16F7-4668-BE54-9A1E7A4F7556}") = "AuthorizationService", "AuthorizationService.csproj", "{C19B5F05-C581-497C-AF48-9B1DBE8F7567}"
EndProject
Project("{9A19103F-16F7-4668-BE54-9A1E7A4F7556}") = "AuthorizationTest", "..\AuthorizationTest\AuthorizationTest.csproj", "{685DEB8A-4E6B-438E-BAA7-6A0422BDB793}"
EndProject
Global
	GlobalSection(SolutionConfigurationPlatforms) = preSolution
		Debug|Any CPU = Debug|Any CPU
		Release|Any CPU = Release|Any CPU
	EndGlobalSection
	GlobalSection(ProjectConfigurationPlatforms) = postSolution
		{C19B5F05-C581-497C-AF48-9B1DBE8F7567}.Debug|Any CPU.ActiveCfg = Debug|Any CPU
		{C19B5F05-C581-497C-AF48-9B1DBE8F7567}.Debug|Any CPU.Build.0 = Debug|Any CPU
		{C19B5F05-C581-497C-AF48-9B1DBE8F7567}.Release|Any CPU.ActiveCfg = Release|Any CPU
		{C19B5F05-C581-497C-AF48-9B1DBE8F7567}.Release|Any CPU.Build.0 = Release|Any CPU
		{685DEB8A-4E6B-438E-BAA7-6A0422BDB793}.Debug|Any CPU.ActiveCfg = Debug|Any CPU
		{685DEB8A-4E6B-438E-BAA7-6A0422BDB793}.Debug|Any CPU.Build.0 = Debug|Any CPU
		{685DEB8A-4E6B-438E-BAA7-6A0422BDB793}.Release|Any CPU.ActiveCfg = Release|Any CPU
		{685DEB8A-4E6B-438E-BAA7-6A0422BDB793}.Release|Any CPU.Build.0 = Release|Any CPU
	EndGlobalSection
	GlobalSection(SolutionProperties) = preSolution
		HideSolutionNode = FALSE
	EndGlobalSection
	GlobalSection(ExtensibilityGlobals) = postSolution
		SolutionGuid = {8FB0B049-791D-42AA-966F-87A22376CDF5}
	EndGlobalSection
EndGlobal
